
Microsoft Visual Studio Solution File, Format Version 12.00
# Visual Studio 15
VisualStudioVersion = 15.0.26430.15
MinimumVisualStudioVersion = 10.0.40219.1
Project("{D954291E-2A0B-460D-934E-DC6B0785DB48}") = "GuideForDDOn", "GuideForDDOn\GuideForDDOn\GuideForDDOn.shproj", "{A2DF5538-F1EA-425C-8F16-2FA0BF04A8C3}"
EndProject
Project("{FAE04EC0-301F-11D3-BF4B-00C04F79EFBC}") = "GuideForDDOn.Droid", "GuideForDDOn\GuideForDDOn.Droid\GuideForDDOn.Droid.csproj", "{197349D3-2E1A-4C1E-A6EC-6753E365F6B0}"
EndProject
Project("{FAE04EC0-301F-11D3-BF4B-00C04F79EFBC}") = "GuideForDDOn.iOS", "GuideForDDOn\GuideForDDOn.iOS\GuideForDDOn.iOS.csproj", "{D7D46A84-09B5-476E-9043-3C0694518A96}"
EndProject
Global
	GlobalSection(SharedMSBuildProjectFiles) = preSolution
		GuideForDDOn\GuideForDDOn\GuideForDDOn.projitems*{197349d3-2e1a-4c1e-a6ec-6753e365f6b0}*SharedItemsImports = 4
		GuideForDDOn\GuideForDDOn\GuideForDDOn.projitems*{a2df5538-f1ea-425c-8f16-2fa0bf04a8c3}*SharedItemsImports = 13
		GuideForDDOn\GuideForDDOn\GuideForDDOn.projitems*{d7d46a84-09b5-476e-9043-3c0694518a96}*SharedItemsImports = 4
	EndGlobalSection
	GlobalSection(SolutionConfigurationPlatforms) = preSolution
		Ad-Hoc|Any CPU = Ad-Hoc|Any CPU
		Ad-Hoc|iPhone = Ad-Hoc|iPhone
		Ad-Hoc|iPhoneSimulator = Ad-Hoc|iPhoneSimulator
		Ad-Hoc|x64 = Ad-Hoc|x64
		Ad-Hoc|x86 = Ad-Hoc|x86
		AppStore|Any CPU = AppStore|Any CPU
		AppStore|iPhone = AppStore|iPhone
		AppStore|iPhoneSimulator = AppStore|iPhoneSimulator
		AppStore|x64 = AppStore|x64
		AppStore|x86 = AppStore|x86
		Debug|Any CPU = Debug|Any CPU
		Debug|iPhone = Debug|iPhone
		Debug|iPhoneSimulator = Debug|iPhoneSimulator
		Debug|x64 = Debug|x64
		Debug|x86 = Debug|x86
		Release|Any CPU = Release|Any CPU
		Release|iPhone = Release|iPhone
		Release|iPhoneSimulator = Release|iPhoneSimulator
		Release|x64 = Release|x64
		Release|x86 = Release|x86
	EndGlobalSection
	GlobalSection(ProjectConfigurationPlatforms) = postSolution
		{197349D3-2E1A-4C1E-A6EC-6753E365F6B0}.Ad-Hoc|Any CPU.ActiveCfg = Release|Any CPU
		{197349D3-2E1A-4C1E-A6EC-6753E365F6B0}.Ad-Hoc|Any CPU.Build.0 = Release|Any CPU
		{197349D3-2E1A-4C1E-A6EC-6753E365F6B0}.Ad-Hoc|Any CPU.Deploy.0 = Release|Any CPU
		{197349D3-2E1A-4C1E-A6EC-6753E365F6B0}.Ad-Hoc|iPhone.ActiveCfg = Release|Any CPU
		{197349D3-2E1A-4C1E-A6EC-6753E365F6B0}.Ad-Hoc|iPhone.Build.0 = Release|Any CPU
		{197349D3-2E1A-4C1E-A6EC-6753E365F6B0}.Ad-Hoc|iPhone.Deploy.0 = Release|Any CPU
		{197349D3-2E1A-4C1E-A6EC-6753E365F6B0}.Ad-Hoc|iPhoneSimulator.ActiveCfg = Release|Any CPU
		{197349D3-2E1A-4C1E-A6EC-6753E365F6B0}.Ad-Hoc|iPhoneSimulator.Build.0 = Release|Any CPU
		{197349D3-2E1A-4C1E-A6EC-6753E365F6B0}.Ad-Hoc|iPhoneSimulator.Deploy.0 = Release|Any CPU
		{197349D3-2E1A-4C1E-A6EC-6753E365F6B0}.Ad-Hoc|x64.ActiveCfg = Debug|Any CPU
		{197349D3-2E1A-4C1E-A6EC-6753E365F6B0}.Ad-Hoc|x64.Build.0 = Debug|Any CPU
		{197349D3-2E1A-4C1E-A6EC-6753E365F6B0}.Ad-Hoc|x64.Deploy.0 = Debug|Any CPU
		{197349D3-2E1A-4C1E-A6EC-6753E365F6B0}.Ad-Hoc|x86.ActiveCfg = Debug|Any CPU
		{197349D3-2E1A-4C1E-A6EC-6753E365F6B0}.Ad-Hoc|x86.Build.0 = Debug|Any CPU
		{197349D3-2E1A-4C1E-A6EC-6753E365F6B0}.Ad-Hoc|x86.Deploy.0 = Debug|Any CPU
		{197349D3-2E1A-4C1E-A6EC-6753E365F6B0}.AppStore|Any CPU.ActiveCfg = Release|Any CPU
		{197349D3-2E1A-4C1E-A6EC-6753E365F6B0}.AppStore|Any CPU.Build.0 = Release|Any CPU
		{197349D3-2E1A-4C1E-A6EC-6753E365F6B0}.AppStore|Any CPU.Deploy.0 = Release|Any CPU
		{197349D3-2E1A-4C1E-A6EC-6753E365F6B0}.AppStore|iPhone.ActiveCfg = Release|Any CPU
		{197349D3-2E1A-4C1E-A6EC-6753E365F6B0}.AppStore|iPhone.Build.0 = Release|Any CPU
		{197349D3-2E1A-4C1E-A6EC-6753E365F6B0}.AppStore|iPhone.Deploy.0 = Release|Any CPU
		{197349D3-2E1A-4C1E-A6EC-6753E365F6B0}.AppStore|iPhoneSimulator.ActiveCfg = Release|Any CPU
		{197349D3-2E1A-4C1E-A6EC-6753E365F6B0}.AppStore|iPhoneSimulator.Build.0 = Release|Any CPU
		{197349D3-2E1A-4C1E-A6EC-6753E365F6B0}.AppStore|iPhoneSimulator.Deploy.0 = Release|Any CPU
		{197349D3-2E1A-4C1E-A6EC-6753E365F6B0}.AppStore|x64.ActiveCfg = Debug|Any CPU
		{197349D3-2E1A-4C1E-A6EC-6753E365F6B0}.AppStore|x64.Build.0 = Debug|Any CPU
		{197349D3-2E1A-4C1E-A6EC-6753E365F6B0}.AppStore|x64.Deploy.0 = Debug|Any CPU
		{197349D3-2E1A-4C1E-A6EC-6753E365F6B0}.AppStore|x86.ActiveCfg = Debug|Any CPU
		{197349D3-2E1A-4C1E-A6EC-6753E365F6B0}.AppStore|x86.Build.0 = Debug|Any CPU
		{197349D3-2E1A-4C1E-A6EC-6753E365F6B0}.AppStore|x86.Deploy.0 = Debug|Any CPU
		{197349D3-2E1A-4C1E-A6EC-6753E365F6B0}.Debug|Any CPU.ActiveCfg = Debug|Any CPU
		{197349D3-2E1A-4C1E-A6EC-6753E365F6B0}.Debug|Any CPU.Build.0 = Debug|Any CPU
		{197349D3-2E1A-4C1E-A6EC-6753E365F6B0}.Debug|Any CPU.Deploy.0 = Debug|Any CPU
		{197349D3-2E1A-4C1E-A6EC-6753E365F6B0}.Debug|iPhone.ActiveCfg = Debug|Any CPU
		{197349D3-2E1A-4C1E-A6EC-6753E365F6B0}.Debug|iPhone.Build.0 = Debug|Any CPU
		{197349D3-2E1A-4C1E-A6EC-6753E365F6B0}.Debug|iPhone.Deploy.0 = Debug|Any CPU
		{197349D3-2E1A-4C1E-A6EC-6753E365F6B0}.Debug|iPhoneSimulator.ActiveCfg = Debug|Any CPU
		{197349D3-2E1A-4C1E-A6EC-6753E365F6B0}.Debug|iPhoneSimulator.Build.0 = Debug|Any CPU
		{197349D3-2E1A-4C1E-A6EC-6753E365F6B0}.Debug|iPhoneSimulator.Deploy.0 = Debug|Any CPU
		{197349D3-2E1A-4C1E-A6EC-6753E365F6B0}.Debug|x64.ActiveCfg = Debug|Any CPU
		{197349D3-2E1A-4C1E-A6EC-6753E365F6B0}.Debug|x64.Build.0 = Debug|Any CPU
		{197349D3-2E1A-4C1E-A6EC-6753E365F6B0}.Debug|x64.Deploy.0 = Debug|Any CPU
		{197349D3-2E1A-4C1E-A6EC-6753E365F6B0}.Debug|x86.ActiveCfg = Debug|Any CPU
		{197349D3-2E1A-4C1E-A6EC-6753E365F6B0}.Debug|x86.Build.0 = Debug|Any CPU
		{197349D3-2E1A-4C1E-A6EC-6753E365F6B0}.Debug|x86.Deploy.0 = Debug|Any CPU
		{197349D3-2E1A-4C1E-A6EC-6753E365F6B0}.Release|Any CPU.ActiveCfg = Release|Any CPU
		{197349D3-2E1A-4C1E-A6EC-6753E365F6B0}.Release|Any CPU.Build.0 = Release|Any CPU
		{197349D3-2E1A-4C1E-A6EC-6753E365F6B0}.Release|Any CPU.Deploy.0 = Release|Any CPU
		{197349D3-2E1A-4C1E-A6EC-6753E365F6B0}.Release|iPhone.ActiveCfg = Release|Any CPU
		{197349D3-2E1A-4C1E-A6EC-6753E365F6B0}.Release|iPhone.Build.0 = Release|Any CPU
		{197349D3-2E1A-4C1E-A6EC-6753E365F6B0}.Release|iPhone.Deploy.0 = Release|Any CPU
		{197349D3-2E1A-4C1E-A6EC-6753E365F6B0}.Release|iPhoneSimulator.ActiveCfg = Release|Any CPU
		{197349D3-2E1A-4C1E-A6EC-6753E365F6B0}.Release|iPhoneSimulator.Build.0 = Release|Any CPU
		{197349D3-2E1A-4C1E-A6EC-6753E365F6B0}.Release|iPhoneSimulator.Deploy.0 = Release|Any CPU
		{197349D3-2E1A-4C1E-A6EC-6753E365F6B0}.Release|x64.ActiveCfg = Release|Any CPU
		{197349D3-2E1A-4C1E-A6EC-6753E365F6B0}.Release|x64.Build.0 = Release|Any CPU
		{197349D3-2E1A-4C1E-A6EC-6753E365F6B0}.Release|x64.Deploy.0 = Release|Any CPU
		{197349D3-2E1A-4C1E-A6EC-6753E365F6B0}.Release|x86.ActiveCfg = Release|Any CPU
		{197349D3-2E1A-4C1E-A6EC-6753E365F6B0}.Release|x86.Build.0 = Release|Any CPU
		{197349D3-2E1A-4C1E-A6EC-6753E365F6B0}.Release|x86.Deploy.0 = Release|Any CPU
		{D7D46A84-09B5-476E-9043-3C0694518A96}.Ad-Hoc|Any CPU.ActiveCfg = Ad-Hoc|iPhone
		{D7D46A84-09B5-476E-9043-3C0694518A96}.Ad-Hoc|iPhone.ActiveCfg = Ad-Hoc|iPhone
		{D7D46A84-09B5-476E-9043-3C0694518A96}.Ad-Hoc|iPhone.Build.0 = Ad-Hoc|iPhone
		{D7D46A84-09B5-476E-9043-3C0694518A96}.Ad-Hoc|iPhoneSimulator.ActiveCfg = Ad-Hoc|iPhoneSimulator
		{D7D46A84-09B5-476E-9043-3C0694518A96}.Ad-Hoc|iPhoneSimulator.Build.0 = Ad-Hoc|iPhoneSimulator
		{D7D46A84-09B5-476E-9043-3C0694518A96}.Ad-Hoc|x64.ActiveCfg = Ad-Hoc|iPhoneSimulator
		{D7D46A84-09B5-476E-9043-3C0694518A96}.Ad-Hoc|x86.ActiveCfg = Ad-Hoc|iPhoneSimulator
		{D7D46A84-09B5-476E-9043-3C0694518A96}.AppStore|Any CPU.ActiveCfg = AppStore|iPhone
		{D7D46A84-09B5-476E-9043-3C0694518A96}.AppStore|iPhone.ActiveCfg = AppStore|iPhone
		{D7D46A84-09B5-476E-9043-3C0694518A96}.AppStore|iPhone.Build.0 = AppStore|iPhone
		{D7D46A84-09B5-476E-9043-3C0694518A96}.AppStore|iPhoneSimulator.ActiveCfg = AppStore|iPhoneSimulator
		{D7D46A84-09B5-476E-9043-3C0694518A96}.AppStore|iPhoneSimulator.Build.0 = AppStore|iPhoneSimulator
		{D7D46A84-09B5-476E-9043-3C0694518A96}.AppStore|x64.ActiveCfg = AppStore|iPhoneSimulator
		{D7D46A84-09B5-476E-9043-3C0694518A96}.AppStore|x86.ActiveCfg = AppStore|iPhoneSimulator
		{D7D46A84-09B5-476E-9043-3C0694518A96}.Debug|Any CPU.ActiveCfg = Debug|iPhone
		{D7D46A84-09B5-476E-9043-3C0694518A96}.Debug|iPhone.ActiveCfg = Debug|iPhone
		{D7D46A84-09B5-476E-9043-3C0694518A96}.Debug|iPhone.Build.0 = Debug|iPhone
		{D7D46A84-09B5-476E-9043-3C0694518A96}.Debug|iPhoneSimulator.ActiveCfg = Debug|iPhoneSimulator
		{D7D46A84-09B5-476E-9043-3C0694518A96}.Debug|iPhoneSimulator.Build.0 = Debug|iPhoneSimulator
		{D7D46A84-09B5-476E-9043-3C0694518A96}.Debug|x64.ActiveCfg = Debug|iPhoneSimulator
		{D7D46A84-09B5-476E-9043-3C0694518A96}.Debug|x86.ActiveCfg = Debug|iPhoneSimulator
		{D7D46A84-09B5-476E-9043-3C0694518A96}.Release|Any CPU.ActiveCfg = Release|iPhone
		{D7D46A84-09B5-476E-9043-3C0694518A96}.Release|iPhone.ActiveCfg = Release|iPhone
		{D7D46A84-09B5-476E-9043-3C0694518A96}.Release|iPhone.Build.0 = Release|iPhone
		{D7D46A84-09B5-476E-9043-3C0694518A96}.Release|iPhoneSimulator.ActiveCfg = Release|iPhoneSimulator
		{D7D46A84-09B5-476E-9043-3C0694518A96}.Release|iPhoneSimulator.Build.0 = Release|iPhoneSimulator
		{D7D46A84-09B5-476E-9043-3C0694518A96}.Release|x64.ActiveCfg = Release|iPhoneSimulator
		{D7D46A84-09B5-476E-9043-3C0694518A96}.Release|x86.ActiveCfg = Release|iPhoneSimulator
	EndGlobalSection
	GlobalSection(SolutionProperties) = preSolution
		HideSolutionNode = FALSE
	EndGlobalSection
EndGlobal
